# THIS IS AN AUTOGENERATED FILE. DO NOT EDIT THIS FILE DIRECTLY.
# yarn lockfile v1


"@layerzerolabs/lz-evm-messagelib-v2@^2.1.27":
  version "2.3.40"
  resolved "https://registry.yarnpkg.com/@layerzerolabs/lz-evm-messagelib-v2/-/lz-evm-messagelib-v2-2.3.40.tgz#7e03070160306ac8234a7204bfd8b32f694f650e"
  integrity sha512-y+35ThEMeJYg2IMCSO0qWJ9y7mnwcxkUPVv3ROb5AtHJqyeP45G267ASULVpC0tWQ9fpZRn6SKKuesL++WbuZA==

"@layerzerolabs/lz-evm-oapp-v2@^2.1.18":
  version "2.3.40"
  resolved "https://registry.yarnpkg.com/@layerzerolabs/lz-evm-oapp-v2/-/lz-evm-oapp-v2-2.3.40.tgz#737e66fcd47bc651bb2ce74ff6878d262348a3ca"
  integrity sha512-3gANFncRLcQgMSMtehqZzLt9Ykk+R6gA7bIc5OIgYRzNsi4ouLVVq2yicb5PBQUhAm2oE5lV3h/BJxYkIIlYDQ==

"@layerzerolabs/lz-evm-protocol-v2@^2.1.27":
  version "2.3.40"
  resolved "https://registry.yarnpkg.com/@layerzerolabs/lz-evm-protocol-v2/-/lz-evm-protocol-v2-2.3.40.tgz#fc133376060599cdb65ee70879a8b801f226997e"
  integrity sha512-3Beku+VLRxb+KO4fMcC7WVENLdFtdin/X7cVgwM6xzPd35C5z/EUnbBPlW0Hci788paK+MTTyluAXsWsbMDS2g==

"@openzeppelin/contracts-upgradeable@^5.0.2":
  version "5.0.2"
  resolved "https://registry.yarnpkg.com/@openzeppelin/contracts-upgradeable/-/contracts-upgradeable-5.0.2.tgz#3e5321a2ecdd0b206064356798c21225b6ec7105"
  integrity sha512-0MmkHSHiW2NRFiT9/r5Lu4eJq5UJ4/tzlOgYXNAIj/ONkQTVnz22pLxDvp4C4uZ9he7ZFvGn3Driptn1/iU7tQ==

"@openzeppelin/contracts@^5.0.1":
  version "5.0.2"
  resolved "https://registry.yarnpkg.com/@openzeppelin/contracts/-/contracts-5.0.2.tgz#b1d03075e49290d06570b2fd42154d76c2a5d210"
  integrity sha512-ytPc6eLGcHHnapAZ9S+5qsdomhjo6QBHTDRRBFfTxXIpsicMhVPouPgmUPebZZZGX7vt9USA+Z+0M0dSVtSUEA==

"ds-test@github:dapphub/ds-test":
  version "1.0.0"
  resolved "https://codeload.github.com/dapphub/ds-test/tar.gz/e282159d5170298eb2455a6c05280ab5a73a4ef0"

forge-std@^1.1.2:
  version "1.1.2"
  resolved "https://registry.yarnpkg.com/forge-std/-/forge-std-1.1.2.tgz#f4a0eda103538d56f9c563f3cd1fa2fd01bd9378"
  integrity sha512-Wfb0iAS9PcfjMKtGpWQw9mXzJxrWD62kJCUqqLcyuI0+VRtJ3j20XembjF3kS20qELYdXft1vD/SPFVWVKMFOw==

"forge-std@github:foundry-rs/forge-std#v1.8.1":
  version "1.7.6"
  resolved "https://codeload.github.com/foundry-rs/forge-std/tar.gz/bb4ceea94d6f10eeb5b41dc2391c6c8bf8e734ef"

"layerzero-v2@github:JorgeAtPaladin/LayerZero-v2#lz-upgrade":
  version "2.0.2"
  resolved "https://codeload.github.com/JorgeAtPaladin/LayerZero-v2/tar.gz/21ad027cf323c323619566d2c9d1f2fa404f021f"

solidity-bytes-utils@^0.8.2:
  version "0.8.2"
  resolved "https://registry.yarnpkg.com/solidity-bytes-utils/-/solidity-bytes-utils-0.8.2.tgz#763d6a02fd093e93b3a97b742e97d540e66c29bd"
  integrity sha512-cqXPYAV2auhpdKSTPuqji0CwpSceZDu95CzqSM/9tDJ2MoMaMsdHTpOIWtVw31BIqqGPNmIChCswzbw0tHaMTw==
  dependencies:
    ds-test "github:dapphub/ds-test"
    forge-std "^1.1.2"
